// !$*UTF8*$!
{
	archiveVersion = 1;
	classes = {
	};
	objectVersion = 50;
	objects = {

/* Begin PBXBuildFile section */
		023DABEC2617F35D00AEE98D /* LocalNotificationBootcamp.swift in Sources */ = {isa = PBXBuildFile; fileRef = 023DABEB2617F35D00AEE98D /* LocalNotificationBootcamp.swift */; };
		023DABEF2617FFC900AEE98D /* HashableBootcamp.swift in Sources */ = {isa = PBXBuildFile; fileRef = 023DABEE2617FFC900AEE98D /* HashableBootcamp.swift */; };
		023DABF2261819C600AEE98D /* ArraysBootcamp.swift in Sources */ = {isa = PBXBuildFile; fileRef = 023DABF1261819C600AEE98D /* ArraysBootcamp.swift */; };
		023DAC23261C295300AEE98D /* CoreDataBootcamp.swift in Sources */ = {isa = PBXBuildFile; fileRef = 023DAC22261C295300AEE98D /* CoreDataBootcamp.swift */; };
		023DAC27261C2B8600AEE98D /* FruitsContainer.xcdatamodeld in Sources */ = {isa = PBXBuildFile; fileRef = 023DAC25261C2B8600AEE98D /* FruitsContainer.xcdatamodeld */; };
		023DAC81261EACBB00AEE98D /* CoreDataRelationshipsBootcamp.swift in Sources */ = {isa = PBXBuildFile; fileRef = 023DAC80261EACBB00AEE98D /* CoreDataRelationshipsBootcamp.swift */; };
		023DAC85261EAED200AEE98D /* CoreDataContainer.xcdatamodeld in Sources */ = {isa = PBXBuildFile; fileRef = 023DAC83261EAED200AEE98D /* CoreDataContainer.xcdatamodeld */; };
		023DAC9126213D9A00AEE98D /* BackgroundThreadBootcamp.swift in Sources */ = {isa = PBXBuildFile; fileRef = 023DAC9026213D9A00AEE98D /* BackgroundThreadBootcamp.swift */; };
		023DAC942621478E00AEE98D /* WeakSelfBootcamp.swift in Sources */ = {isa = PBXBuildFile; fileRef = 023DAC932621478E00AEE98D /* WeakSelfBootcamp.swift */; };
		023DAC97262155F900AEE98D /* TypealiasBootcamp.swift in Sources */ = {isa = PBXBuildFile; fileRef = 023DAC96262155F900AEE98D /* TypealiasBootcamp.swift */; };
		023DAC9A26221BFD00AEE98D /* EscapingBootcamp.swift in Sources */ = {isa = PBXBuildFile; fileRef = 023DAC9926221BFD00AEE98D /* EscapingBootcamp.swift */; };
		023DAC9D2622263400AEE98D /* CodableBootcamp.swift in Sources */ = {isa = PBXBuildFile; fileRef = 023DAC9C2622263400AEE98D /* CodableBootcamp.swift */; };
		023DACA12622400300AEE98D /* DownloadWithEscapingBootcamp.swift in Sources */ = {isa = PBXBuildFile; fileRef = 023DACA02622400300AEE98D /* DownloadWithEscapingBootcamp.swift */; };
		023DACA426225BFC00AEE98D /* DownloadWithCombine.swift in Sources */ = {isa = PBXBuildFile; fileRef = 023DACA326225BFC00AEE98D /* DownloadWithCombine.swift */; };
		026301692607AAA200E216EB /* SwiftfulThinkingContinuedLearningApp.swift in Sources */ = {isa = PBXBuildFile; fileRef = 026301682607AAA200E216EB /* SwiftfulThinkingContinuedLearningApp.swift */; };
		0263016D2607AAA500E216EB /* Assets.xcassets in Resources */ = {isa = PBXBuildFile; fileRef = 0263016C2607AAA500E216EB /* Assets.xcassets */; };
		026301702607AAA500E216EB /* Preview Assets.xcassets in Resources */ = {isa = PBXBuildFile; fileRef = 0263016F2607AAA500E216EB /* Preview Assets.xcassets */; };
		0263017A2607AB2A00E216EB /* LongPressGestureBootcamp.swift in Sources */ = {isa = PBXBuildFile; fileRef = 026301792607AB2A00E216EB /* LongPressGestureBootcamp.swift */; };
		0263017D2607B21E00E216EB /* MagnificationGestureBootcamp.swift in Sources */ = {isa = PBXBuildFile; fileRef = 0263017C2607B21E00E216EB /* MagnificationGestureBootcamp.swift */; };
		026301802607B9D500E216EB /* RotationGestureBootcamp.swift in Sources */ = {isa = PBXBuildFile; fileRef = 0263017F2607B9D500E216EB /* RotationGestureBootcamp.swift */; };
		026301832607BCD800E216EB /* DragGestureBootcamp.swift in Sources */ = {isa = PBXBuildFile; fileRef = 026301822607BCD800E216EB /* DragGestureBootcamp.swift */; };
		026301862607C23500E216EB /* DragGestureBootcamp2.swift in Sources */ = {isa = PBXBuildFile; fileRef = 026301852607C23500E216EB /* DragGestureBootcamp2.swift */; };
		026301892607D07300E216EB /* ScrollViewReaderBootcamp.swift in Sources */ = {isa = PBXBuildFile; fileRef = 026301882607D07300E216EB /* ScrollViewReaderBootcamp.swift */; };
		0263018C2607DAFE00E216EB /* GeometryReaderBootcamp.swift in Sources */ = {isa = PBXBuildFile; fileRef = 0263018B2607DAFE00E216EB /* GeometryReaderBootcamp.swift */; };
		0263020726101E4C00E216EB /* MultipleSheetsBootcamp.swift in Sources */ = {isa = PBXBuildFile; fileRef = 0263020626101E4C00E216EB /* MultipleSheetsBootcamp.swift */; };
		0263020A2610284F00E216EB /* MaskBootcamp.swift in Sources */ = {isa = PBXBuildFile; fileRef = 026302092610284F00E216EB /* MaskBootcamp.swift */; };
		02630215261422B000E216EB /* SoundsBootcamp.swift in Sources */ = {isa = PBXBuildFile; fileRef = 02630214261422B000E216EB /* SoundsBootcamp.swift */; };
		0263021A2614281200E216EB /* badum.mp3 in Resources */ = {isa = PBXBuildFile; fileRef = 026302182614281100E216EB /* badum.mp3 */; };
		0263021B2614281200E216EB /* tada.mp3 in Resources */ = {isa = PBXBuildFile; fileRef = 026302192614281200E216EB /* tada.mp3 */; };
		0263021E2614359400E216EB /* HapticsBootcamp.swift in Sources */ = {isa = PBXBuildFile; fileRef = 0263021D2614359400E216EB /* HapticsBootcamp.swift */; };
		0279E6982637D4C700094483 /* CacheBootcamp.swift in Sources */ = {isa = PBXBuildFile; fileRef = 0279E6972637D4C700094483 /* CacheBootcamp.swift */; };
		0279E6BF263A4E3700094483 /* DownloadingImagesBootcamp.swift in Sources */ = {isa = PBXBuildFile; fileRef = 0279E6BE263A4E3700094483 /* DownloadingImagesBootcamp.swift */; };
		0279E6C3263A4FA600094483 /* PhotoModel.swift in Sources */ = {isa = PBXBuildFile; fileRef = 0279E6C2263A4FA600094483 /* PhotoModel.swift */; };
		0279E6C6263A503200094483 /* DownloadingImagesViewModel.swift in Sources */ = {isa = PBXBuildFile; fileRef = 0279E6C5263A503200094483 /* DownloadingImagesViewModel.swift */; };
		0279E6C9263A513200094483 /* PhotoModelDataService.swift in Sources */ = {isa = PBXBuildFile; fileRef = 0279E6C8263A513200094483 /* PhotoModelDataService.swift */; };
		0279E6CD263A568700094483 /* DownloadingImagesRow.swift in Sources */ = {isa = PBXBuildFile; fileRef = 0279E6CC263A568700094483 /* DownloadingImagesRow.swift */; };
		0279E6D0263A571C00094483 /* DownloadingImageView.swift in Sources */ = {isa = PBXBuildFile; fileRef = 0279E6CF263A571C00094483 /* DownloadingImageView.swift */; };
		0279E6D3263A57FA00094483 /* ImageLoadingViewModel.swift in Sources */ = {isa = PBXBuildFile; fileRef = 0279E6D2263A57FA00094483 /* ImageLoadingViewModel.swift */; };
		0279E6D9263A608400094483 /* PhotoModelCacheManager.swift in Sources */ = {isa = PBXBuildFile; fileRef = 0279E6D8263A608400094483 /* PhotoModelCacheManager.swift */; };
		0279E6DC263A619500094483 /* PhotoModelFileManager.swift in Sources */ = {isa = PBXBuildFile; fileRef = 0279E6DB263A619500094483 /* PhotoModelFileManager.swift */; };
		029FB28D262B9FD30062D169 /* TimerBootcamp.swift in Sources */ = {isa = PBXBuildFile; fileRef = 029FB28C262B9FD30062D169 /* TimerBootcamp.swift */; };
		029FB290262BB2AE0062D169 /* SubscriberBootcamp.swift in Sources */ = {isa = PBXBuildFile; fileRef = 029FB28F262BB2AE0062D169 /* SubscriberBootcamp.swift */; };
		02B2838A26326E2500FF11BC /* FileManagerBootcamp.swift in Sources */ = {isa = PBXBuildFile; fileRef = 02B2838926326E2500FF11BC /* FileManagerBootcamp.swift */; };
/* End PBXBuildFile section */

/* Begin PBXFileReference section */
		023DABEB2617F35D00AEE98D /* LocalNotificationBootcamp.swift */ = {isa = PBXFileReference; lastKnownFileType = sourcecode.swift; path = LocalNotificationBootcamp.swift; sourceTree = "<group>"; };
		023DABEE2617FFC900AEE98D /* HashableBootcamp.swift */ = {isa = PBXFileReference; lastKnownFileType = sourcecode.swift; path = HashableBootcamp.swift; sourceTree = "<group>"; };
		023DABF1261819C600AEE98D /* ArraysBootcamp.swift */ = {isa = PBXFileReference; lastKnownFileType = sourcecode.swift; path = ArraysBootcamp.swift; sourceTree = "<group>"; };
		023DAC22261C295300AEE98D /* CoreDataBootcamp.swift */ = {isa = PBXFileReference; lastKnownFileType = sourcecode.swift; path = CoreDataBootcamp.swift; sourceTree = "<group>"; };
		023DAC26261C2B8600AEE98D /* FruitsContainer.xcdatamodel */ = {isa = PBXFileReference; lastKnownFileType = wrapper.xcdatamodel; path = FruitsContainer.xcdatamodel; sourceTree = "<group>"; };
		023DAC80261EACBB00AEE98D /* CoreDataRelationshipsBootcamp.swift */ = {isa = PBXFileReference; lastKnownFileType = sourcecode.swift; path = CoreDataRelationshipsBootcamp.swift; sourceTree = "<group>"; };
		023DAC84261EAED200AEE98D /* CoreDataContainer.xcdatamodel */ = {isa = PBXFileReference; lastKnownFileType = wrapper.xcdatamodel; path = CoreDataContainer.xcdatamodel; sourceTree = "<group>"; };
		023DAC9026213D9A00AEE98D /* BackgroundThreadBootcamp.swift */ = {isa = PBXFileReference; lastKnownFileType = sourcecode.swift; path = BackgroundThreadBootcamp.swift; sourceTree = "<group>"; };
		023DAC932621478E00AEE98D /* WeakSelfBootcamp.swift */ = {isa = PBXFileReference; lastKnownFileType = sourcecode.swift; path = WeakSelfBootcamp.swift; sourceTree = "<group>"; };
		023DAC96262155F900AEE98D /* TypealiasBootcamp.swift */ = {isa = PBXFileReference; lastKnownFileType = sourcecode.swift; path = TypealiasBootcamp.swift; sourceTree = "<group>"; };
		023DAC9926221BFD00AEE98D /* EscapingBootcamp.swift */ = {isa = PBXFileReference; lastKnownFileType = sourcecode.swift; path = EscapingBootcamp.swift; sourceTree = "<group>"; };
		023DAC9C2622263400AEE98D /* CodableBootcamp.swift */ = {isa = PBXFileReference; lastKnownFileType = sourcecode.swift; path = CodableBootcamp.swift; sourceTree = "<group>"; };
		023DACA02622400300AEE98D /* DownloadWithEscapingBootcamp.swift */ = {isa = PBXFileReference; lastKnownFileType = sourcecode.swift; path = DownloadWithEscapingBootcamp.swift; sourceTree = "<group>"; };
		023DACA326225BFC00AEE98D /* DownloadWithCombine.swift */ = {isa = PBXFileReference; lastKnownFileType = sourcecode.swift; path = DownloadWithCombine.swift; sourceTree = "<group>"; };
		026301652607AAA200E216EB /* SwiftfulThinkingContinuedLearning.app */ = {isa = PBXFileReference; explicitFileType = wrapper.application; includeInIndex = 0; path = SwiftfulThinkingContinuedLearning.app; sourceTree = BUILT_PRODUCTS_DIR; };
		026301682607AAA200E216EB /* SwiftfulThinkingContinuedLearningApp.swift */ = {isa = PBXFileReference; lastKnownFileType = sourcecode.swift; path = SwiftfulThinkingContinuedLearningApp.swift; sourceTree = "<group>"; };
		0263016C2607AAA500E216EB /* Assets.xcassets */ = {isa = PBXFileReference; lastKnownFileType = folder.assetcatalog; path = Assets.xcassets; sourceTree = "<group>"; };
		0263016F2607AAA500E216EB /* Preview Assets.xcassets */ = {isa = PBXFileReference; lastKnownFileType = folder.assetcatalog; path = "Preview Assets.xcassets"; sourceTree = "<group>"; };
		026301712607AAA500E216EB /* Info.plist */ = {isa = PBXFileReference; lastKnownFileType = text.plist.xml; path = Info.plist; sourceTree = "<group>"; };
		026301792607AB2A00E216EB /* LongPressGestureBootcamp.swift */ = {isa = PBXFileReference; lastKnownFileType = sourcecode.swift; path = LongPressGestureBootcamp.swift; sourceTree = "<group>"; };
		0263017C2607B21E00E216EB /* MagnificationGestureBootcamp.swift */ = {isa = PBXFileReference; lastKnownFileType = sourcecode.swift; path = MagnificationGestureBootcamp.swift; sourceTree = "<group>"; };
		0263017F2607B9D500E216EB /* RotationGestureBootcamp.swift */ = {isa = PBXFileReference; lastKnownFileType = sourcecode.swift; path = RotationGestureBootcamp.swift; sourceTree = "<group>"; };
		026301822607BCD800E216EB /* DragGestureBootcamp.swift */ = {isa = PBXFileReference; lastKnownFileType = sourcecode.swift; path = DragGestureBootcamp.swift; sourceTree = "<group>"; };
		026301852607C23500E216EB /* DragGestureBootcamp2.swift */ = {isa = PBXFileReference; lastKnownFileType = sourcecode.swift; path = DragGestureBootcamp2.swift; sourceTree = "<group>"; };
		026301882607D07300E216EB /* ScrollViewReaderBootcamp.swift */ = {isa = PBXFileReference; lastKnownFileType = sourcecode.swift; path = ScrollViewReaderBootcamp.swift; sourceTree = "<group>"; };
		0263018B2607DAFE00E216EB /* GeometryReaderBootcamp.swift */ = {isa = PBXFileReference; lastKnownFileType = sourcecode.swift; path = GeometryReaderBootcamp.swift; sourceTree = "<group>"; };
		0263020626101E4C00E216EB /* MultipleSheetsBootcamp.swift */ = {isa = PBXFileReference; lastKnownFileType = sourcecode.swift; path = MultipleSheetsBootcamp.swift; sourceTree = "<group>"; };
		026302092610284F00E216EB /* MaskBootcamp.swift */ = {isa = PBXFileReference; lastKnownFileType = sourcecode.swift; path = MaskBootcamp.swift; sourceTree = "<group>"; };
		02630214261422B000E216EB /* SoundsBootcamp.swift */ = {isa = PBXFileReference; lastKnownFileType = sourcecode.swift; path = SoundsBootcamp.swift; sourceTree = "<group>"; };
		026302182614281100E216EB /* badum.mp3 */ = {isa = PBXFileReference; lastKnownFileType = audio.mp3; path = badum.mp3; sourceTree = "<group>"; };
		026302192614281200E216EB /* tada.mp3 */ = {isa = PBXFileReference; lastKnownFileType = audio.mp3; path = tada.mp3; sourceTree = "<group>"; };
		0263021D2614359400E216EB /* HapticsBootcamp.swift */ = {isa = PBXFileReference; lastKnownFileType = sourcecode.swift; path = HapticsBootcamp.swift; sourceTree = "<group>"; };
		0279E6972637D4C700094483 /* CacheBootcamp.swift */ = {isa = PBXFileReference; lastKnownFileType = sourcecode.swift; path = CacheBootcamp.swift; sourceTree = "<group>"; };
		0279E6BE263A4E3700094483 /* DownloadingImagesBootcamp.swift */ = {isa = PBXFileReference; lastKnownFileType = sourcecode.swift; path = DownloadingImagesBootcamp.swift; sourceTree = "<group>"; };
		0279E6C2263A4FA600094483 /* PhotoModel.swift */ = {isa = PBXFileReference; lastKnownFileType = sourcecode.swift; path = PhotoModel.swift; sourceTree = "<group>"; };
		0279E6C5263A503200094483 /* DownloadingImagesViewModel.swift */ = {isa = PBXFileReference; lastKnownFileType = sourcecode.swift; path = DownloadingImagesViewModel.swift; sourceTree = "<group>"; };
		0279E6C8263A513200094483 /* PhotoModelDataService.swift */ = {isa = PBXFileReference; lastKnownFileType = sourcecode.swift; path = PhotoModelDataService.swift; sourceTree = "<group>"; };
		0279E6CC263A568700094483 /* DownloadingImagesRow.swift */ = {isa = PBXFileReference; lastKnownFileType = sourcecode.swift; path = DownloadingImagesRow.swift; sourceTree = "<group>"; };
		0279E6CF263A571C00094483 /* DownloadingImageView.swift */ = {isa = PBXFileReference; lastKnownFileType = sourcecode.swift; path = DownloadingImageView.swift; sourceTree = "<group>"; };
		0279E6D2263A57FA00094483 /* ImageLoadingViewModel.swift */ = {isa = PBXFileReference; lastKnownFileType = sourcecode.swift; path = ImageLoadingViewModel.swift; sourceTree = "<group>"; };
		0279E6D8263A608400094483 /* PhotoModelCacheManager.swift */ = {isa = PBXFileReference; lastKnownFileType = sourcecode.swift; path = PhotoModelCacheManager.swift; sourceTree = "<group>"; };
		0279E6DB263A619500094483 /* PhotoModelFileManager.swift */ = {isa = PBXFileReference; lastKnownFileType = sourcecode.swift; path = PhotoModelFileManager.swift; sourceTree = "<group>"; };
		029FB28C262B9FD30062D169 /* TimerBootcamp.swift */ = {isa = PBXFileReference; lastKnownFileType = sourcecode.swift; path = TimerBootcamp.swift; sourceTree = "<group>"; };
		029FB28F262BB2AE0062D169 /* SubscriberBootcamp.swift */ = {isa = PBXFileReference; lastKnownFileType = sourcecode.swift; path = SubscriberBootcamp.swift; sourceTree = "<group>"; };
		02B2838926326E2500FF11BC /* FileManagerBootcamp.swift */ = {isa = PBXFileReference; lastKnownFileType = sourcecode.swift; path = FileManagerBootcamp.swift; sourceTree = "<group>"; };
/* End PBXFileReference section */

/* Begin PBXFrameworksBuildPhase section */
		026301622607AAA200E216EB /* Frameworks */ = {
			isa = PBXFrameworksBuildPhase;
			buildActionMask = 2147483647;
			files = (
			);
			runOnlyForDeploymentPostprocessing = 0;
		};
/* End PBXFrameworksBuildPhase section */

/* Begin PBXGroup section */
		0263015C2607AAA200E216EB = {
			isa = PBXGroup;
			children = (
				026301672607AAA200E216EB /* SwiftfulThinkingContinuedLearning */,
				026301662607AAA200E216EB /* Products */,
			);
			sourceTree = "<group>";
		};
		026301662607AAA200E216EB /* Products */ = {
			isa = PBXGroup;
			children = (
				026301652607AAA200E216EB /* SwiftfulThinkingContinuedLearning.app */,
			);
			name = Products;
			sourceTree = "<group>";
		};
		026301672607AAA200E216EB /* SwiftfulThinkingContinuedLearning */ = {
			isa = PBXGroup;
			children = (
				026301682607AAA200E216EB /* SwiftfulThinkingContinuedLearningApp.swift */,
				026301792607AB2A00E216EB /* LongPressGestureBootcamp.swift */,
				0263017C2607B21E00E216EB /* MagnificationGestureBootcamp.swift */,
				0263017F2607B9D500E216EB /* RotationGestureBootcamp.swift */,
				026301822607BCD800E216EB /* DragGestureBootcamp.swift */,
				026301852607C23500E216EB /* DragGestureBootcamp2.swift */,
				026301882607D07300E216EB /* ScrollViewReaderBootcamp.swift */,
				0263018B2607DAFE00E216EB /* GeometryReaderBootcamp.swift */,
				0263020626101E4C00E216EB /* MultipleSheetsBootcamp.swift */,
				026302092610284F00E216EB /* MaskBootcamp.swift */,
				02630214261422B000E216EB /* SoundsBootcamp.swift */,
				02630217261427F000E216EB /* Sounds */,
				0263021D2614359400E216EB /* HapticsBootcamp.swift */,
				023DABEB2617F35D00AEE98D /* LocalNotificationBootcamp.swift */,
				023DABEE2617FFC900AEE98D /* HashableBootcamp.swift */,
				023DABF1261819C600AEE98D /* ArraysBootcamp.swift */,
				023DAC22261C295300AEE98D /* CoreDataBootcamp.swift */,
				023DAC25261C2B8600AEE98D /* FruitsContainer.xcdatamodeld */,
				023DAC80261EACBB00AEE98D /* CoreDataRelationshipsBootcamp.swift */,
				023DAC83261EAED200AEE98D /* CoreDataContainer.xcdatamodeld */,
				023DAC9026213D9A00AEE98D /* BackgroundThreadBootcamp.swift */,
				023DAC932621478E00AEE98D /* WeakSelfBootcamp.swift */,
				023DAC96262155F900AEE98D /* TypealiasBootcamp.swift */,
				023DAC9926221BFD00AEE98D /* EscapingBootcamp.swift */,
				023DAC9C2622263400AEE98D /* CodableBootcamp.swift */,
				023DACA02622400300AEE98D /* DownloadWithEscapingBootcamp.swift */,
				023DACA326225BFC00AEE98D /* DownloadWithCombine.swift */,
				029FB28C262B9FD30062D169 /* TimerBootcamp.swift */,
				029FB28F262BB2AE0062D169 /* SubscriberBootcamp.swift */,
				02B2838926326E2500FF11BC /* FileManagerBootcamp.swift */,
				0279E6972637D4C700094483 /* CacheBootcamp.swift */,
				0279E6B3263A4D9400094483 /* DownloadingImages */,
				0263016C2607AAA500E216EB /* Assets.xcassets */,
				026301712607AAA500E216EB /* Info.plist */,
				0263016E2607AAA500E216EB /* Preview Content */,
			);
			path = SwiftfulThinkingContinuedLearning;
			sourceTree = "<group>";
		};
		0263016E2607AAA500E216EB /* Preview Content */ = {
			isa = PBXGroup;
			children = (
				0263016F2607AAA500E216EB /* Preview Assets.xcassets */,
			);
			path = "Preview Content";
			sourceTree = "<group>";
		};
		02630217261427F000E216EB /* Sounds */ = {
			isa = PBXGroup;
			children = (
				026302182614281100E216EB /* badum.mp3 */,
				026302192614281200E216EB /* tada.mp3 */,
			);
			path = Sounds;
			sourceTree = "<group>";
		};
		0279E6B3263A4D9400094483 /* DownloadingImages */ = {
			isa = PBXGroup;
			children = (
				0279E6BD263A4E0600094483 /* Utilities */,
				0279E6BB263A4DF200094483 /* ViewModels */,
				0279E6BA263A4DEC00094483 /* Views */,
				0279E6B9263A4DE500094483 /* Models */,
			);
			path = DownloadingImages;
			sourceTree = "<group>";
		};
		0279E6B9263A4DE500094483 /* Models */ = {
			isa = PBXGroup;
			children = (
				0279E6C2263A4FA600094483 /* PhotoModel.swift */,
			);
			path = Models;
			sourceTree = "<group>";
		};
		0279E6BA263A4DEC00094483 /* Views */ = {
			isa = PBXGroup;
			children = (
				0279E6BE263A4E3700094483 /* DownloadingImagesBootcamp.swift */,
				0279E6CC263A568700094483 /* DownloadingImagesRow.swift */,
				0279E6CF263A571C00094483 /* DownloadingImageView.swift */,
			);
			path = Views;
			sourceTree = "<group>";
		};
		0279E6BB263A4DF200094483 /* ViewModels */ = {
			isa = PBXGroup;
			children = (
				0279E6C5263A503200094483 /* DownloadingImagesViewModel.swift */,
				0279E6D2263A57FA00094483 /* ImageLoadingViewModel.swift */,
			);
			path = ViewModels;
			sourceTree = "<group>";
		};
		0279E6BD263A4E0600094483 /* Utilities */ = {
			isa = PBXGroup;
			children = (
				0279E6C8263A513200094483 /* PhotoModelDataService.swift */,
				0279E6D8263A608400094483 /* PhotoModelCacheManager.swift */,
				0279E6DB263A619500094483 /* PhotoModelFileManager.swift */,
			);
			path = Utilities;
			sourceTree = "<group>";
		};
/* End PBXGroup section */

/* Begin PBXNativeTarget section */
		026301642607AAA200E216EB /* SwiftfulThinkingContinuedLearning */ = {
			isa = PBXNativeTarget;
			buildConfigurationList = 026301742607AAA500E216EB /* Build configuration list for PBXNativeTarget "SwiftfulThinkingContinuedLearning" */;
			buildPhases = (
				026301612607AAA200E216EB /* Sources */,
				026301622607AAA200E216EB /* Frameworks */,
				026301632607AAA200E216EB /* Resources */,
			);
			buildRules = (
			);
			dependencies = (
			);
			name = SwiftfulThinkingContinuedLearning;
			productName = SwiftfulThinkingContinuedLearning;
			productReference = 026301652607AAA200E216EB /* SwiftfulThinkingContinuedLearning.app */;
			productType = "com.apple.product-type.application";
		};
/* End PBXNativeTarget section */

/* Begin PBXProject section */
		0263015D2607AAA200E216EB /* Project object */ = {
			isa = PBXProject;
			attributes = {
				LastSwiftUpdateCheck = 1230;
				LastUpgradeCheck = 1230;
				TargetAttributes = {
					026301642607AAA200E216EB = {
						CreatedOnToolsVersion = 12.3;
					};
				};
			};
			buildConfigurationList = 026301602607AAA200E216EB /* Build configuration list for PBXProject "SwiftfulThinkingContinuedLearning" */;
			compatibilityVersion = "Xcode 9.3";
			developmentRegion = en;
			hasScannedForEncodings = 0;
			knownRegions = (
				en,
				Base,
			);
			mainGroup = 0263015C2607AAA200E216EB;
			productRefGroup = 026301662607AAA200E216EB /* Products */;
			projectDirPath = "";
			projectRoot = "";
			targets = (
				026301642607AAA200E216EB /* SwiftfulThinkingContinuedLearning */,
			);
		};
/* End PBXProject section */

/* Begin PBXResourcesBuildPhase section */
		026301632607AAA200E216EB /* Resources */ = {
			isa = PBXResourcesBuildPhase;
			buildActionMask = 2147483647;
			files = (
				0263021B2614281200E216EB /* tada.mp3 in Resources */,
				0263021A2614281200E216EB /* badum.mp3 in Resources */,
				026301702607AAA500E216EB /* Preview Assets.xcassets in Resources */,
				0263016D2607AAA500E216EB /* Assets.xcassets in Resources */,
			);
			runOnlyForDeploymentPostprocessing = 0;
		};
/* End PBXResourcesBuildPhase section */

/* Begin PBXSourcesBuildPhase section */
		026301612607AAA200E216EB /* Sources */ = {
			isa = PBXSourcesBuildPhase;
			buildActionMask = 2147483647;
			files = (
				023DAC9A26221BFD00AEE98D /* EscapingBootcamp.swift in Sources */,
				023DAC27261C2B8600AEE98D /* FruitsContainer.xcdatamodeld in Sources */,
				023DACA426225BFC00AEE98D /* DownloadWithCombine.swift in Sources */,
				023DABEF2617FFC900AEE98D /* HashableBootcamp.swift in Sources */,
				0279E6DC263A619500094483 /* PhotoModelFileManager.swift in Sources */,
				0279E6982637D4C700094483 /* CacheBootcamp.swift in Sources */,
				0279E6CD263A568700094483 /* DownloadingImagesRow.swift in Sources */,
				02630215261422B000E216EB /* SoundsBootcamp.swift in Sources */,
				0279E6C9263A513200094483 /* PhotoModelDataService.swift in Sources */,
				023DAC9126213D9A00AEE98D /* BackgroundThreadBootcamp.swift in Sources */,
				02B2838A26326E2500FF11BC /* FileManagerBootcamp.swift in Sources */,
				026301862607C23500E216EB /* DragGestureBootcamp2.swift in Sources */,
				023DAC23261C295300AEE98D /* CoreDataBootcamp.swift in Sources */,
				0263020A2610284F00E216EB /* MaskBootcamp.swift in Sources */,
				0279E6D9263A608400094483 /* PhotoModelCacheManager.swift in Sources */,
				026301832607BCD800E216EB /* DragGestureBootcamp.swift in Sources */,
				029FB290262BB2AE0062D169 /* SubscriberBootcamp.swift in Sources */,
				023DAC85261EAED200AEE98D /* CoreDataContainer.xcdatamodeld in Sources */,
				023DABF2261819C600AEE98D /* ArraysBootcamp.swift in Sources */,
				023DABEC2617F35D00AEE98D /* LocalNotificationBootcamp.swift in Sources */,
				026301892607D07300E216EB /* ScrollViewReaderBootcamp.swift in Sources */,
				023DAC97262155F900AEE98D /* TypealiasBootcamp.swift in Sources */,
				0263020726101E4C00E216EB /* MultipleSheetsBootcamp.swift in Sources */,
				023DACA12622400300AEE98D /* DownloadWithEscapingBootcamp.swift in Sources */,
				023DAC9D2622263400AEE98D /* CodableBootcamp.swift in Sources */,
				023DAC942621478E00AEE98D /* WeakSelfBootcamp.swift in Sources */,
				026301692607AAA200E216EB /* SwiftfulThinkingContinuedLearningApp.swift in Sources */,
				0263017D2607B21E00E216EB /* MagnificationGestureBootcamp.swift in Sources */,
				0279E6D3263A57FA00094483 /* ImageLoadingViewModel.swift in Sources */,
				0263018C2607DAFE00E216EB /* GeometryReaderBootcamp.swift in Sources */,
				0263021E2614359400E216EB /* HapticsBootcamp.swift in Sources */,
				0279E6BF263A4E3700094483 /* DownloadingImagesBootcamp.swift in Sources */,
				0279E6C6263A503200094483 /* DownloadingImagesViewModel.swift in Sources */,
				029FB28D262B9FD30062D169 /* TimerBootcamp.swift in Sources */,
				023DAC81261EACBB00AEE98D /* CoreDataRelationshipsBootcamp.swift in Sources */,
				0279E6C3263A4FA600094483 /* PhotoModel.swift in Sources */,
				0279E6D0263A571C00094483 /* DownloadingImageView.swift in Sources */,
				0263017A2607AB2A00E216EB /* LongPressGestureBootcamp.swift in Sources */,
				026301802607B9D500E216EB /* RotationGestureBootcamp.swift in Sources */,
			);
			runOnlyForDeploymentPostprocessing = 0;
		};
/* End PBXSourcesBuildPhase section */

/* Begin XCBuildConfiguration section */
		026301722607AAA500E216EB /* Debug */ = {
			isa = XCBuildConfiguration;
			buildSettings = {
				ALWAYS_SEARCH_USER_PATHS = NO;
				CLANG_ANALYZER_NONNULL = YES;
				CLANG_ANALYZER_NUMBER_OBJECT_CONVERSION = YES_AGGRESSIVE;
				CLANG_CXX_LANGUAGE_STANDARD = "gnu++14";
				CLANG_CXX_LIBRARY = "libc++";
				CLANG_ENABLE_MODULES = YES;
				CLANG_ENABLE_OBJC_ARC = YES;
				CLANG_ENABLE_OBJC_WEAK = YES;
				CLANG_WARN_BLOCK_CAPTURE_AUTORELEASING = YES;
				CLANG_WARN_BOOL_CONVERSION = YES;
				CLANG_WARN_COMMA = YES;
				CLANG_WARN_CONSTANT_CONVERSION = YES;
				CLANG_WARN_DEPRECATED_OBJC_IMPLEMENTATIONS = YES;
				CLANG_WARN_DIRECT_OBJC_ISA_USAGE = YES_ERROR;
				CLANG_WARN_DOCUMENTATION_COMMENTS = YES;
				CLANG_WARN_EMPTY_BODY = YES;
				CLANG_WARN_ENUM_CONVERSION = YES;
				CLANG_WARN_INFINITE_RECURSION = YES;
				CLANG_WARN_INT_CONVERSION = YES;
				CLANG_WARN_NON_LITERAL_NULL_CONVERSION = YES;
				CLANG_WARN_OBJC_IMPLICIT_RETAIN_SELF = YES;
				CLANG_WARN_OBJC_LITERAL_CONVERSION = YES;
				CLANG_WARN_OBJC_ROOT_CLASS = YES_ERROR;
				CLANG_WARN_QUOTED_INCLUDE_IN_FRAMEWORK_HEADER = YES;
				CLANG_WARN_RANGE_LOOP_ANALYSIS = YES;
				CLANG_WARN_STRICT_PROTOTYPES = YES;
				CLANG_WARN_SUSPICIOUS_MOVE = YES;
				CLANG_WARN_UNGUARDED_AVAILABILITY = YES_AGGRESSIVE;
				CLANG_WARN_UNREACHABLE_CODE = YES;
				CLANG_WARN__DUPLICATE_METHOD_MATCH = YES;
				COPY_PHASE_STRIP = NO;
				DEBUG_INFORMATION_FORMAT = dwarf;
				ENABLE_STRICT_OBJC_MSGSEND = YES;
				ENABLE_TESTABILITY = YES;
				GCC_C_LANGUAGE_STANDARD = gnu11;
				GCC_DYNAMIC_NO_PIC = NO;
				GCC_NO_COMMON_BLOCKS = YES;
				GCC_OPTIMIZATION_LEVEL = 0;
				GCC_PREPROCESSOR_DEFINITIONS = (
					"DEBUG=1",
					"$(inherited)",
				);
				GCC_WARN_64_TO_32_BIT_CONVERSION = YES;
				GCC_WARN_ABOUT_RETURN_TYPE = YES_ERROR;
				GCC_WARN_UNDECLARED_SELECTOR = YES;
				GCC_WARN_UNINITIALIZED_AUTOS = YES_AGGRESSIVE;
				GCC_WARN_UNUSED_FUNCTION = YES;
				GCC_WARN_UNUSED_VARIABLE = YES;
				IPHONEOS_DEPLOYMENT_TARGET = 14.3;
				MTL_ENABLE_DEBUG_INFO = INCLUDE_SOURCE;
				MTL_FAST_MATH = YES;
				ONLY_ACTIVE_ARCH = YES;
				SDKROOT = iphoneos;
				SWIFT_ACTIVE_COMPILATION_CONDITIONS = DEBUG;
				SWIFT_OPTIMIZATION_LEVEL = "-Onone";
			};
			name = Debug;
		};
		026301732607AAA500E216EB /* Release */ = {
			isa = XCBuildConfiguration;
			buildSettings = {
				ALWAYS_SEARCH_USER_PATHS = NO;
				CLANG_ANALYZER_NONNULL = YES;
				CLANG_ANALYZER_NUMBER_OBJECT_CONVERSION = YES_AGGRESSIVE;
				CLANG_CXX_LANGUAGE_STANDARD = "gnu++14";
				CLANG_CXX_LIBRARY = "libc++";
				CLANG_ENABLE_MODULES = YES;
				CLANG_ENABLE_OBJC_ARC = YES;
				CLANG_ENABLE_OBJC_WEAK = YES;
				CLANG_WARN_BLOCK_CAPTURE_AUTORELEASING = YES;
				CLANG_WARN_BOOL_CONVERSION = YES;
				CLANG_WARN_COMMA = YES;
				CLANG_WARN_CONSTANT_CONVERSION = YES;
				CLANG_WARN_DEPRECATED_OBJC_IMPLEMENTATIONS = YES;
				CLANG_WARN_DIRECT_OBJC_ISA_USAGE = YES_ERROR;
				CLANG_WARN_DOCUMENTATION_COMMENTS = YES;
				CLANG_WARN_EMPTY_BODY = YES;
				CLANG_WARN_ENUM_CONVERSION = YES;
				CLANG_WARN_INFINITE_RECURSION = YES;
				CLANG_WARN_INT_CONVERSION = YES;
				CLANG_WARN_NON_LITERAL_NULL_CONVERSION = YES;
				CLANG_WARN_OBJC_IMPLICIT_RETAIN_SELF = YES;
				CLANG_WARN_OBJC_LITERAL_CONVERSION = YES;
				CLANG_WARN_OBJC_ROOT_CLASS = YES_ERROR;
				CLANG_WARN_QUOTED_INCLUDE_IN_FRAMEWORK_HEADER = YES;
				CLANG_WARN_RANGE_LOOP_ANALYSIS = YES;
				CLANG_WARN_STRICT_PROTOTYPES = YES;
				CLANG_WARN_SUSPICIOUS_MOVE = YES;
				CLANG_WARN_UNGUARDED_AVAILABILITY = YES_AGGRESSIVE;
				CLANG_WARN_UNREACHABLE_CODE = YES;
				CLANG_WARN__DUPLICATE_METHOD_MATCH = YES;
				COPY_PHASE_STRIP = NO;
				DEBUG_INFORMATION_FORMAT = "dwarf-with-dsym";
				ENABLE_NS_ASSERTIONS = NO;
				ENABLE_STRICT_OBJC_MSGSEND = YES;
				GCC_C_LANGUAGE_STANDARD = gnu11;
				GCC_NO_COMMON_BLOCKS = YES;
				GCC_WARN_64_TO_32_BIT_CONVERSION = YES;
				GCC_WARN_ABOUT_RETURN_TYPE = YES_ERROR;
				GCC_WARN_UNDECLARED_SELECTOR = YES;
				GCC_WARN_UNINITIALIZED_AUTOS = YES_AGGRESSIVE;
				GCC_WARN_UNUSED_FUNCTION = YES;
				GCC_WARN_UNUSED_VARIABLE = YES;
				IPHONEOS_DEPLOYMENT_TARGET = 14.3;
				MTL_ENABLE_DEBUG_INFO = NO;
				MTL_FAST_MATH = YES;
				SDKROOT = iphoneos;
				SWIFT_COMPILATION_MODE = wholemodule;
				SWIFT_OPTIMIZATION_LEVEL = "-O";
				VALIDATE_PRODUCT = YES;
			};
			name = Release;
		};
		026301752607AAA500E216EB /* Debug */ = {
			isa = XCBuildConfiguration;
			buildSettings = {
				ASSETCATALOG_COMPILER_APPICON_NAME = AppIcon;
				ASSETCATALOG_COMPILER_GLOBAL_ACCENT_COLOR_NAME = AccentColor;
				CODE_SIGN_STYLE = Automatic;
				DEVELOPMENT_ASSET_PATHS = "\"SwiftfulThinkingContinuedLearning/Preview Content\"";
				DEVELOPMENT_TEAM = Z735PM5XVD;
				ENABLE_PREVIEWS = YES;
				INFOPLIST_FILE = SwiftfulThinkingContinuedLearning/Info.plist;
				IPHONEOS_DEPLOYMENT_TARGET = 14.0;
				LD_RUNPATH_SEARCH_PATHS = (
					"$(inherited)",
					"@executable_path/Frameworks",
				);
				PRODUCT_BUNDLE_IDENTIFIER = com.nicksarno.SwiftfulThinkingContinuedLearning;
				PRODUCT_NAME = "$(TARGET_NAME)";
				SWIFT_VERSION = 5.0;
				TARGETED_DEVICE_FAMILY = "1,2";
			};
			name = Debug;
		};
		026301762607AAA500E216EB /* Release */ = {
			isa = XCBuildConfiguration;
			buildSettings = {
				ASSETCATALOG_COMPILER_APPICON_NAME = AppIcon;
				ASSETCATALOG_COMPILER_GLOBAL_ACCENT_COLOR_NAME = AccentColor;
				CODE_SIGN_STYLE = Automatic;
				DEVELOPMENT_ASSET_PATHS = "\"SwiftfulThinkingContinuedLearning/Preview Content\"";
				DEVELOPMENT_TEAM = Z735PM5XVD;
				ENABLE_PREVIEWS = YES;
				INFOPLIST_FILE = SwiftfulThinkingContinuedLearning/Info.plist;
				IPHONEOS_DEPLOYMENT_TARGET = 14.0;
				LD_RUNPATH_SEARCH_PATHS = (
					"$(inherited)",
					"@executable_path/Frameworks",
				);
				PRODUCT_BUNDLE_IDENTIFIER = com.nicksarno.SwiftfulThinkingContinuedLearning;
				PRODUCT_NAME = "$(TARGET_NAME)";
				SWIFT_VERSION = 5.0;
				TARGETED_DEVICE_FAMILY = "1,2";
			};
			name = Release;
		};
/* End XCBuildConfiguration section */

/* Begin XCConfigurationList section */
		026301602607AAA200E216EB /* Build configuration list for PBXProject "SwiftfulThinkingContinuedLearning" */ = {
			isa = XCConfigurationList;
			buildConfigurations = (
				026301722607AAA500E216EB /* Debug */,
				026301732607AAA500E216EB /* Release */,
			);
			defaultConfigurationIsVisible = 0;
			defaultConfigurationName = Release;
		};
		026301742607AAA500E216EB /* Build configuration list for PBXNativeTarget "SwiftfulThinkingContinuedLearning" */ = {
			isa = XCConfigurationList;
			buildConfigurations = (
				026301752607AAA500E216EB /* Debug */,
				026301762607AAA500E216EB /* Release */,
			);
			defaultConfigurationIsVisible = 0;
			defaultConfigurationName = Release;
		};
/* End XCConfigurationList section */

/* Begin XCVersionGroup section */
		023DAC25261C2B8600AEE98D /* FruitsContainer.xcdatamodeld */ = {
			isa = XCVersionGroup;
			children = (
				023DAC26261C2B8600AEE98D /* FruitsContainer.xcdatamodel */,
			);
			currentVersion = 023DAC26261C2B8600AEE98D /* FruitsContainer.xcdatamodel */;
			path = FruitsContainer.xcdatamodeld;
			sourceTree = "<group>";
			versionGroupType = wrapper.xcdatamodel;
		};
		023DAC83261EAED200AEE98D /* CoreDataContainer.xcdatamodeld */ = {
			isa = XCVersionGroup;
			children = (
				023DAC84261EAED200AEE98D /* CoreDataContainer.xcdatamodel */,
			);
			currentVersion = 023DAC84261EAED200AEE98D /* CoreDataContainer.xcdatamodel */;
			path = CoreDataContainer.xcdatamodeld;
			sourceTree = "<group>";
			versionGroupType = wrapper.xcdatamodel;
		};
/* End XCVersionGroup section */
	};
	rootObject = 0263015D2607AAA200E216EB /* Project object */;
}
